# This file is automatically @generated by Poetry 1.4.0 and should not be changed by hand.

[[package]]
name = "polls"
version = "0.1.0"
description = "Sample Polls component."
category = "main"
optional = false
python-versions = "^3.11"
files = []
develop = false

[package.source]
type = "directory"
url = "../../components/polls"

[metadata]
lock-version = "2.0"
python-versions = "^3.11"
content-hash = "430a27c370323ebf95b7239d77907943398a7083d175e3b281ca5e0644390896"
